
Microsoft Visual Studio Solution File, Format Version 12.00
# Visual Studio Version 16
VisualStudioVersion = 16.0.28705.295
MinimumVisualStudioVersion = 10.0.40219.1
Project("{8BC9CEB8-8B4A-11D0-8D11-00A0C91BC942}") = "compiler", "compiler\compiler.vcxproj", "{977D1F50-BF04-4B0D-8B69-4C337838D6AC}"
	ProjectSection(ProjectDependencies) = postProject
		{4402059C-62E2-4C3D-A212-373D3E08338E} = {4402059C-62E2-4C3D-A212-373D3E08338E}
	EndProjectSection
EndProject
Project("{2150E333-8FDC-42A3-9474-1A3956D46DE8}") = "Solution Items", "Solution Items", "{341EE194-7564-4DCE-83CB-AEAD3AE9270C}"
	ProjectSection(SolutionItems) = preProject
		Dev.md = Dev.md
		out.ll = out.ll
		README.md = README.md
		test.si = test.si
	EndProjectSection
EndProject
Project("{8BC9CEB8-8B4A-11D0-8D11-00A0C91BC942}") = "clib", "clib\clib.vcxproj", "{4402059C-62E2-4C3D-A212-373D3E08338E}"
EndProject
Project("{8BC9CEB8-8B4A-11D0-8D11-00A0C91BC942}") = "clibTest", "clibTest\clibTest.vcxproj", "{62C11FCD-E286-4475-BA93-59E2AAEE51CC}"
EndProject
Global
	GlobalSection(SolutionConfigurationPlatforms) = preSolution
		Debug|Win32 = Debug|Win32
		Debug|x64 = Debug|x64
		Release|Win32 = Release|Win32
		Release|x64 = Release|x64
	EndGlobalSection
	GlobalSection(ProjectConfigurationPlatforms) = postSolution
		{977D1F50-BF04-4B0D-8B69-4C337838D6AC}.Debug|Win32.ActiveCfg = Debug|Win32
		{977D1F50-BF04-4B0D-8B69-4C337838D6AC}.Debug|Win32.Build.0 = Debug|Win32
		{977D1F50-BF04-4B0D-8B69-4C337838D6AC}.Debug|x64.ActiveCfg = Debug|x64
		{977D1F50-BF04-4B0D-8B69-4C337838D6AC}.Debug|x64.Build.0 = Debug|x64
		{977D1F50-BF04-4B0D-8B69-4C337838D6AC}.Release|Win32.ActiveCfg = Release|Win32
		{977D1F50-BF04-4B0D-8B69-4C337838D6AC}.Release|Win32.Build.0 = Release|Win32
		{977D1F50-BF04-4B0D-8B69-4C337838D6AC}.Release|x64.ActiveCfg = Release|x64
		{977D1F50-BF04-4B0D-8B69-4C337838D6AC}.Release|x64.Build.0 = Release|x64
		{4402059C-62E2-4C3D-A212-373D3E08338E}.Debug|Win32.ActiveCfg = Debug|Win32
		{4402059C-62E2-4C3D-A212-373D3E08338E}.Debug|Win32.Build.0 = Debug|Win32
		{4402059C-62E2-4C3D-A212-373D3E08338E}.Debug|x64.ActiveCfg = Debug|x64
		{4402059C-62E2-4C3D-A212-373D3E08338E}.Debug|x64.Build.0 = Debug|x64
		{4402059C-62E2-4C3D-A212-373D3E08338E}.Release|Win32.ActiveCfg = Release|Win32
		{4402059C-62E2-4C3D-A212-373D3E08338E}.Release|Win32.Build.0 = Release|Win32
		{4402059C-62E2-4C3D-A212-373D3E08338E}.Release|x64.ActiveCfg = Release|x64
		{4402059C-62E2-4C3D-A212-373D3E08338E}.Release|x64.Build.0 = Release|x64
		{62C11FCD-E286-4475-BA93-59E2AAEE51CC}.Debug|Win32.ActiveCfg = Debug|Win32
		{62C11FCD-E286-4475-BA93-59E2AAEE51CC}.Debug|Win32.Build.0 = Debug|Win32
		{62C11FCD-E286-4475-BA93-59E2AAEE51CC}.Debug|x64.ActiveCfg = Debug|x64
		{62C11FCD-E286-4475-BA93-59E2AAEE51CC}.Debug|x64.Build.0 = Debug|x64
		{62C11FCD-E286-4475-BA93-59E2AAEE51CC}.Release|Win32.ActiveCfg = Release|Win32
		{62C11FCD-E286-4475-BA93-59E2AAEE51CC}.Release|Win32.Build.0 = Release|Win32
		{62C11FCD-E286-4475-BA93-59E2AAEE51CC}.Release|x64.ActiveCfg = Release|x64
		{62C11FCD-E286-4475-BA93-59E2AAEE51CC}.Release|x64.Build.0 = Release|x64
	EndGlobalSection
	GlobalSection(SolutionProperties) = preSolution
		HideSolutionNode = FALSE
	EndGlobalSection
	GlobalSection(ExtensibilityGlobals) = postSolution
		SolutionGuid = {C8D2BF27-D70C-49C2-B2AD-2F6E619F9102}
	EndGlobalSection
EndGlobal
