<?xml version="1.0" encoding="utf-8"?>
<Project ToolsVersion="4.0" xmlns="http://schemas.microsoft.com/developer/msbuild/2003">
  <ItemGroup>
    <Filter Include="源文件">
      <UniqueIdentifier>{4FC737F1-C7A5-4376-A066-2A32D752A2FF}</UniqueIdentifier>
      <Extensions>cpp;c;cc;cxx;def;odl;idl;hpj;bat;asm;asmx</Extensions>
    </Filter>
    <Filter Include="头文件">
      <UniqueIdentifier>{93995380-89BD-4b04-88EB-625FBE52EBFB}</UniqueIdentifier>
      <Extensions>h;hh;hpp;hxx;hm;inl;inc;ipp;xsd</Extensions>
    </Filter>
    <Filter Include="资源文件">
      <UniqueIdentifier>{67DA6AB6-F800-4c08-8B7A-83BB121AAD01}</UniqueIdentifier>
      <Extensions>rc;ico;cur;bmp;dlg;rc2;rct;bin;rgs;gif;jpg;jpeg;jpe;resx;tiff;tif;png;wav;mfcribbon-ms</Extensions>
    </Filter>
    <Filter Include="si">
      <UniqueIdentifier>{9ac4f59e-d8c8-4634-b3cc-0e14a9ecb631}</UniqueIdentifier>
    </Filter>
    <Filter Include="ll">
      <UniqueIdentifier>{a2206c5f-afd2-4930-bfab-e3511c53780a}</UniqueIdentifier>
    </Filter>
  </ItemGroup>
  <ItemGroup>
    <ClInclude Include="stdafx.h">
      <Filter>头文件</Filter>
    </ClInclude>
    <ClInclude Include="targetver.h">
      <Filter>头文件</Filter>
    </ClInclude>
    <ClInclude Include="core.h">
      <Filter>头文件</Filter>
    </ClInclude>
    <ClInclude Include="String.h">
      <Filter>头文件</Filter>
    </ClInclude>
    <ClInclude Include="GoDispatch.h">
      <Filter>头文件</Filter>
    </ClInclude>
    <ClInclude Include="DispatchBind.h">
      <Filter>头文件</Filter>
    </ClInclude>
  </ItemGroup>
  <ItemGroup>
    <ClCompile Include="stdafx.cpp">
      <Filter>源文件</Filter>
    </ClCompile>
    <ClCompile Include="dllmain.cpp">
      <Filter>源文件</Filter>
    </ClCompile>
    <ClCompile Include="GoDispatch.cpp">
      <Filter>源文件</Filter>
    </ClCompile>
    <ClCompile Include="String.c">
      <Filter>ll</Filter>
    </ClCompile>
    <ClCompile Include="core.c">
      <Filter>ll</Filter>
    </ClCompile>
  </ItemGroup>
  <ItemGroup>
    <None Include="clib.def">
      <Filter>源文件</Filter>
    </None>
    <None Include="si\Coroutine.si">
      <Filter>si</Filter>
    </None>
  </ItemGroup>
  <ItemGroup>
    <CustomBuild Include="si.c">
      <Filter>源文件</Filter>
    </CustomBuild>
    <CustomBuild Include="Coroutine.c">
      <Filter>ll</Filter>
    </CustomBuild>
    <CustomBuild Include="si\String.si">
      <Filter>si</Filter>
    </CustomBuild>
  </ItemGroup>
</Project>